<?xml version="1.0" encoding="UTF-8" standalone="yes" ?>
<CodeBlocks_project_file>
	<FileVersion major="1" minor="6" />
	<Project>
		<Option title="IRCBot" />
		<Option pch_mode="2" />
		<Option compiler="gcc" />
		<Build>
			<Target title="Debug">
				<Option output="bin/Debug/IRCBot" prefix_auto="1" extension_auto="1" />
				<Option object_output="obj/Debug/" />
				<Option type="1" />
				<Option compiler="gcc" />
				<Option parameters="-c dist/default.conf" />
				<Compiler>
					<Add option="-g" />
					<Add option="-DDEBUG" />
				</Compiler>
				<Linker>
					<Add option="-ldl" />
				</Linker>
			</Target>
			<Target title="Release">
				<Option output="bin/Release/IRCBot" prefix_auto="1" extension_auto="1" />
				<Option object_output="obj/Release/" />
				<Option type="1" />
				<Option compiler="gcc" />
				<Option parameters="-c dist/default.conf" />
				<Compiler>
					<Add option="-O2" />
				</Compiler>
				<Linker>
					<Add option="-s" />
					<Add option="-ldl" />
				</Linker>
			</Target>
			<Target title="testplugin">
				<Option output="testplugin.so" prefix_auto="0" extension_auto="0" />
				<Option working_dir="" />
				<Option object_output="obj/testplugin/" />
				<Option type="3" />
				<Option compiler="gcc" />
				<Option createDefFile="1" />
				<Option createStaticLib="1" />
				<Compiler>
					<Add option="-O2" />
					<Add option="-fPIC" />
				</Compiler>
				<Linker>
					<Add option="-s" />
				</Linker>
			</Target>
			<Target title="static">
				<Option output="libIRCBot" prefix_auto="1" extension_auto="1" />
				<Option working_dir="" />
				<Option object_output="obj/static/" />
				<Option type="2" />
				<Option compiler="gcc" />
				<Option createDefFile="1" />
				<Compiler>
					<Add option="-O2" />
				</Compiler>
				<Linker>
					<Add option="-s" />
				</Linker>
			</Target>
			<Target title="shared">
				<Option output="IRCBot" prefix_auto="1" extension_auto="1" />
				<Option working_dir="" />
				<Option object_output="obj/shared/" />
				<Option type="3" />
				<Option compiler="gcc" />
				<Option createDefFile="1" />
				<Option createStaticLib="1" />
				<Compiler>
					<Add option="-O2" />
				</Compiler>
				<Linker>
					<Add option="-s" />
				</Linker>
			</Target>
		</Build>
		<Compiler>
			<Add option="-Wall" />
			<Add option="-fexceptions" />
			<Add option="-DSOCKETEXCEPTIONS" />
			<Add directory="/home/basty/dev/c++/cb/IRCBot/" />
		</Compiler>
		<Linker>
			<Add library="/usr/lib/libconfig++.so" />
		</Linker>
		<Unit filename="include/Controller.h" />
		<Unit filename="include/HookCtrl.h" />
		<Unit filename="include/IRC.h" />
		<Unit filename="include/IRCMessageBuilder.h" />
		<Unit filename="include/Logger.h" />
		<Unit filename="include/Socket.h" />
		<Unit filename="include/SocketException.h" />
		<Unit filename="include/debug.h" />
		<Unit filename="include/helper.h" />
		<Unit filename="include/hooks.h" />
		<Unit filename="plugins.h" />
		<Unit filename="src/Controller.cpp">
			<Option target="Debug" />
			<Option target="Release" />
			<Option target="static" />
			<Option target="shared" />
		</Unit>
		<Unit filename="src/HookCtrl.cpp">
			<Option target="Debug" />
			<Option target="Release" />
			<Option target="static" />
			<Option target="shared" />
		</Unit>
		<Unit filename="src/IRC.cpp">
			<Option target="Debug" />
			<Option target="Release" />
			<Option target="static" />
			<Option target="shared" />
		</Unit>
		<Unit filename="src/IRCMessageBuilder.cpp">
			<Option target="Debug" />
			<Option target="Release" />
			<Option target="static" />
			<Option target="shared" />
		</Unit>
		<Unit filename="src/Logger.cpp">
			<Option target="Debug" />
			<Option target="Release" />
			<Option target="static" />
			<Option target="shared" />
		</Unit>
		<Unit filename="src/Socket.cpp">
			<Option target="Debug" />
			<Option target="Release" />
			<Option target="static" />
			<Option target="shared" />
		</Unit>
		<Unit filename="src/SocketException.cpp">
			<Option target="Debug" />
			<Option target="Release" />
			<Option target="static" />
			<Option target="shared" />
		</Unit>
		<Unit filename="src/extensions/test.cpp">
			<Option target="testplugin" />
			<Option target="shared" />
		</Unit>
		<Unit filename="src/helper.cpp">
			<Option target="Debug" />
			<Option target="Release" />
			<Option target="static" />
			<Option target="shared" />
		</Unit>
		<Unit filename="src/main.cpp">
			<Option target="Debug" />
			<Option target="Release" />
			<Option target="static" />
			<Option target="shared" />
		</Unit>
		<Unit filename="version.h" />
		<Extensions>
			<code_completion />
			<AutoVersioning>
				<Scheme minor_max="10" build_max="0" rev_max="0" rev_rand_max="10" build_times_to_increment_minor="100" />
				<Settings autoincrement="1" date_declarations="1" do_auto_increment="1" ask_to_increment="0" language="C++" svn="0" svn_directory=" " header_path="version.h" />
				<Changes_Log show_changes_editor="0" app_title="released version %M.%m.%b of %p" changeslog_path="ChangesLog.txt" />
				<Code header_guard="VERSION_H" namespace="AutoVersion" prefix=" " />
			</AutoVersioning>
			<envvars />
			<debugger />
			<lib_finder disable_auto="1" />
		</Extensions>
	</Project>
</CodeBlocks_project_file>
